# THIS IS AN AUTOGENERATED FILE. DO NOT EDIT THIS FILE DIRECTLY.
# yarn lockfile v1


esbuild-svelte@^0.5.3:
  version "0.5.4"
  resolved "https://registry.yarnpkg.com/esbuild-svelte/-/esbuild-svelte-0.5.4.tgz#8afc4445c89ed1183aa401fd09f0edbe729c6a64"
  integrity sha512-7QgDYfnRW8U/oMo/eaVXr0Ptm/LRugziXMRvg3RGA2MB7dWyc/gYEdf2KThkHeYFFTFAmY7Ujg32gKrmHQE3qw==
  dependencies:
    svelte "^3.42.1"

esbuild@^0.12.14:
  version "0.12.24"
  resolved "https://registry.yarnpkg.com/esbuild/-/esbuild-0.12.24.tgz#21966fad25a80f368ed308101e88102bce0dc68f"
  integrity sha512-C0ibY+HsXzYB6L/pLWEiWjMpghKsIc58Q5yumARwBQsHl9DXPakW+5NI/Y9w4YXiz0PEP6XTGTT/OV4Nnsmb4A==

svelte@^3.39.0, svelte@^3.42.1:
  version "3.42.4"
  resolved "https://registry.yarnpkg.com/svelte/-/svelte-3.42.4.tgz#838ed98fa7b26fc5fffe4df0d7ba345f1c54cf4f"
  integrity sha512-DqC0AmDdBrrbIA+Kzl3yhBb6qCn4vZOAfxye2pTnIpinLegyagC5sLI8Pe9GPlXu9VpHBXIwpDDedpMfu++epA==
